
Microsoft Visual Studio Solution File, Format Version 12.00
# Visual Studio Version 16
VisualStudioVersion = 16.0.29411.138
MinimumVisualStudioVersion = 10.0.40219.1
Project("{FAE04EC0-301F-11D3-BF4B-00C04F79EFBC}") = "LainsDecryptor", "LainsDecryptor\LainsDecryptor.csproj", "{2ED7CCF9-6864-4710-A37C-A0DF047516E5}"
EndProject
Global
	GlobalSection(SolutionConfigurationPlatforms) = preSolution
		Debug|Any CPU = Debug|Any CPU
		Release|Any CPU = Release|Any CPU
	EndGlobalSection
	GlobalSection(ProjectConfigurationPlatforms) = postSolution
		{2ED7CCF9-6864-4710-A37C-A0DF047516E5}.Debug|Any CPU.ActiveCfg = Debug|Any CPU
		{2ED7CCF9-6864-4710-A37C-A0DF047516E5}.Debug|Any CPU.Build.0 = Debug|Any CPU
		{2ED7CCF9-6864-4710-A37C-A0DF047516E5}.Release|Any CPU.ActiveCfg = Release|Any CPU
		{2ED7CCF9-6864-4710-A37C-A0DF047516E5}.Release|Any CPU.Build.0 = Release|Any CPU
	EndGlobalSection
	GlobalSection(SolutionProperties) = preSolution
		HideSolutionNode = FALSE
	EndGlobalSection
	GlobalSection(ExtensibilityGlobals) = postSolution
		SolutionGuid = {FFDE2FD5-D642-4A8C-A563-35EE40BFFBB0}
	EndGlobalSection
EndGlobal
