
Microsoft Visual Studio Solution File, Format Version 12.00
# Visual Studio 2013
VisualStudioVersion = 12.0.21005.1
MinimumVisualStudioVersion = 10.0.40219.1
Project("{FAE04EC0-301F-11D3-BF4B-00C04F79EFBC}") = "HSPlayer", "HSPlayer\HSPlayer.csproj", "{7DB00F62-A2C8-4EEB-B118-090A394B12C7}"
EndProject
Project("{FAE04EC0-301F-11D3-BF4B-00C04F79EFBC}") = "HSLib", "HSLib\HSLib\HSLib.csproj", "{7F7EBCCC-F178-429C-B869-00D0C7AECD12}"
EndProject
Global
	GlobalSection(SolutionConfigurationPlatforms) = preSolution
		Debug|Any CPU = Debug|Any CPU
		Release|Any CPU = Release|Any CPU
	EndGlobalSection
	GlobalSection(ProjectConfigurationPlatforms) = postSolution
		{7DB00F62-A2C8-4EEB-B118-090A394B12C7}.Debug|Any CPU.ActiveCfg = Debug|Any CPU
		{7DB00F62-A2C8-4EEB-B118-090A394B12C7}.Debug|Any CPU.Build.0 = Debug|Any CPU
		{7DB00F62-A2C8-4EEB-B118-090A394B12C7}.Release|Any CPU.ActiveCfg = Release|Any CPU
		{7DB00F62-A2C8-4EEB-B118-090A394B12C7}.Release|Any CPU.Build.0 = Release|Any CPU
		{7F7EBCCC-F178-429C-B869-00D0C7AECD12}.Debug|Any CPU.ActiveCfg = Debug|Any CPU
		{7F7EBCCC-F178-429C-B869-00D0C7AECD12}.Debug|Any CPU.Build.0 = Debug|Any CPU
		{7F7EBCCC-F178-429C-B869-00D0C7AECD12}.Release|Any CPU.ActiveCfg = Release|Any CPU
		{7F7EBCCC-F178-429C-B869-00D0C7AECD12}.Release|Any CPU.Build.0 = Release|Any CPU
	EndGlobalSection
	GlobalSection(SolutionProperties) = preSolution
		HideSolutionNode = FALSE
	EndGlobalSection
EndGlobal
