
Microsoft Visual Studio Solution File, Format Version 12.00
# Visual Studio 2012
Project("{FAE04EC0-301F-11D3-BF4B-00C04F79EFBC}") = "Discordia", "Discordia\Discordia.csproj", "{ECEDBEF8-FF24-4DB9-941F-84D7DC214BD4}"
EndProject
Project("{FAE04EC0-301F-11D3-BF4B-00C04F79EFBC}") = "DiscordiaGenLib", "DiscordiaGenLib\DiscordiaGenLib.csproj", "{911D1E42-E0B9-4628-BA59-BD22F0101760}"
EndProject
Global
	GlobalSection(SolutionConfigurationPlatforms) = preSolution
		Debug|Any CPU = Debug|Any CPU
		Release|Any CPU = Release|Any CPU
	EndGlobalSection
	GlobalSection(ProjectConfigurationPlatforms) = postSolution
		{ECEDBEF8-FF24-4DB9-941F-84D7DC214BD4}.Debug|Any CPU.ActiveCfg = Debug|Any CPU
		{ECEDBEF8-FF24-4DB9-941F-84D7DC214BD4}.Debug|Any CPU.Build.0 = Debug|Any CPU
		{ECEDBEF8-FF24-4DB9-941F-84D7DC214BD4}.Release|Any CPU.ActiveCfg = Release|Any CPU
		{ECEDBEF8-FF24-4DB9-941F-84D7DC214BD4}.Release|Any CPU.Build.0 = Release|Any CPU
		{911D1E42-E0B9-4628-BA59-BD22F0101760}.Debug|Any CPU.ActiveCfg = Debug|Any CPU
		{911D1E42-E0B9-4628-BA59-BD22F0101760}.Debug|Any CPU.Build.0 = Debug|Any CPU
		{911D1E42-E0B9-4628-BA59-BD22F0101760}.Release|Any CPU.ActiveCfg = Release|Any CPU
		{911D1E42-E0B9-4628-BA59-BD22F0101760}.Release|Any CPU.Build.0 = Release|Any CPU
	EndGlobalSection
	GlobalSection(SolutionProperties) = preSolution
		HideSolutionNode = FALSE
	EndGlobalSection
EndGlobal
