
Microsoft Visual Studio Solution File, Format Version 12.00
# Visual Studio 2012
Project("{E24C65DC-7377-472B-9ABA-BC803B73C61A}") = "Dota2TeamInvestigator", "http://localhost:59907", "{A3BE6F44-6E38-4639-A944-A3041A12886A}"
	ProjectSection(WebsiteProperties) = preProject
		UseIISExpress = "true"
		TargetFrameworkMoniker = ".NETFramework,Version%3Dv4.5"
		Debug.AspNetCompiler.VirtualPath = "/localhost_59907"
		Debug.AspNetCompiler.PhysicalPath = "..\Dota2TeamInvestigator\"
		Debug.AspNetCompiler.TargetPath = "PrecompiledWeb\localhost_59907\"
		Debug.AspNetCompiler.Updateable = "true"
		Debug.AspNetCompiler.ForceOverwrite = "true"
		Debug.AspNetCompiler.FixedNames = "false"
		Debug.AspNetCompiler.Debug = "True"
		Release.AspNetCompiler.VirtualPath = "/localhost_59907"
		Release.AspNetCompiler.PhysicalPath = "..\Dota2TeamInvestigator\"
		Release.AspNetCompiler.TargetPath = "PrecompiledWeb\localhost_59907\"
		Release.AspNetCompiler.Updateable = "true"
		Release.AspNetCompiler.ForceOverwrite = "true"
		Release.AspNetCompiler.FixedNames = "false"
		Release.AspNetCompiler.Debug = "False"
		SlnRelativePath = "..\Dota2TeamInvestigator\"
		DefaultWebSiteLanguage = "Visual C#"
	EndProjectSection
EndProject
Project("{FAE04EC0-301F-11D3-BF4B-00C04F79EFBC}") = "Dota2DataMiner", "Dota2DataMiner\Dota2DataMiner.csproj", "{9FA2D1E9-65FB-4DBE-85DC-31F0C54EE518}"
EndProject
Project("{FAE04EC0-301F-11D3-BF4B-00C04F79EFBC}") = "DotaLib", "DotaLib\DotaLib.csproj", "{DDAD765A-8462-4205-9C05-4DEBF2294BC6}"
EndProject
Global
	GlobalSection(SolutionConfigurationPlatforms) = preSolution
		Debug|Any CPU = Debug|Any CPU
		Release|Any CPU = Release|Any CPU
	EndGlobalSection
	GlobalSection(ProjectConfigurationPlatforms) = postSolution
		{A3BE6F44-6E38-4639-A944-A3041A12886A}.Debug|Any CPU.ActiveCfg = Debug|Any CPU
		{A3BE6F44-6E38-4639-A944-A3041A12886A}.Debug|Any CPU.Build.0 = Debug|Any CPU
		{A3BE6F44-6E38-4639-A944-A3041A12886A}.Release|Any CPU.ActiveCfg = Debug|Any CPU
		{A3BE6F44-6E38-4639-A944-A3041A12886A}.Release|Any CPU.Build.0 = Debug|Any CPU
		{9FA2D1E9-65FB-4DBE-85DC-31F0C54EE518}.Debug|Any CPU.ActiveCfg = Debug|Any CPU
		{9FA2D1E9-65FB-4DBE-85DC-31F0C54EE518}.Debug|Any CPU.Build.0 = Debug|Any CPU
		{9FA2D1E9-65FB-4DBE-85DC-31F0C54EE518}.Release|Any CPU.ActiveCfg = Release|Any CPU
		{9FA2D1E9-65FB-4DBE-85DC-31F0C54EE518}.Release|Any CPU.Build.0 = Release|Any CPU
		{DDAD765A-8462-4205-9C05-4DEBF2294BC6}.Debug|Any CPU.ActiveCfg = Debug|Any CPU
		{DDAD765A-8462-4205-9C05-4DEBF2294BC6}.Debug|Any CPU.Build.0 = Debug|Any CPU
		{DDAD765A-8462-4205-9C05-4DEBF2294BC6}.Release|Any CPU.ActiveCfg = Release|Any CPU
		{DDAD765A-8462-4205-9C05-4DEBF2294BC6}.Release|Any CPU.Build.0 = Release|Any CPU
	EndGlobalSection
	GlobalSection(SolutionProperties) = preSolution
		HideSolutionNode = FALSE
	EndGlobalSection
EndGlobal
