
Microsoft Visual Studio Solution File, Format Version 12.00
# Visual Studio 2012
Project("{FAE04EC0-301F-11D3-BF4B-00C04F79EFBC}") = "AutoClicker", "AutoClicker\AutoClicker.csproj", "{389FFF8B-8A28-4123-AFA2-920E7EAADF49}"
EndProject
Global
	GlobalSection(SolutionConfigurationPlatforms) = preSolution
		Debug|Any CPU = Debug|Any CPU
		Release|Any CPU = Release|Any CPU
	EndGlobalSection
	GlobalSection(ProjectConfigurationPlatforms) = postSolution
		{389FFF8B-8A28-4123-AFA2-920E7EAADF49}.Debug|Any CPU.ActiveCfg = Debug|Any CPU
		{389FFF8B-8A28-4123-AFA2-920E7EAADF49}.Debug|Any CPU.Build.0 = Debug|Any CPU
		{389FFF8B-8A28-4123-AFA2-920E7EAADF49}.Release|Any CPU.ActiveCfg = Release|Any CPU
		{389FFF8B-8A28-4123-AFA2-920E7EAADF49}.Release|Any CPU.Build.0 = Release|Any CPU
	EndGlobalSection
	GlobalSection(SolutionProperties) = preSolution
		HideSolutionNode = FALSE
	EndGlobalSection
EndGlobal
