
Microsoft Visual Studio Solution File, Format Version 11.00
# Visual Studio 2010
Project("{FAE04EC0-301F-11D3-BF4B-00C04F79EFBC}") = "MovieManagerLib", "MovieManagerLib.csproj", "{ED325B59-305F-4B66-B2E8-C1BFD2B42AF7}"
EndProject
Project("{FAE04EC0-301F-11D3-BF4B-00C04F79EFBC}") = "MovieManagerLibTests", "MovieManagerLibTests\MovieManagerLibTests.csproj", "{DE539B6B-48B4-4BE5-A7E3-8923897A6E2F}"
EndProject
Global
	GlobalSection(SolutionConfigurationPlatforms) = preSolution
		Debug|Any CPU = Debug|Any CPU
		Debug|Mixed Platforms = Debug|Mixed Platforms
		Debug|x86 = Debug|x86
		Release|Any CPU = Release|Any CPU
		Release|Mixed Platforms = Release|Mixed Platforms
		Release|x86 = Release|x86
	EndGlobalSection
	GlobalSection(ProjectConfigurationPlatforms) = postSolution
		{ED325B59-305F-4B66-B2E8-C1BFD2B42AF7}.Debug|Any CPU.ActiveCfg = Debug|Any CPU
		{ED325B59-305F-4B66-B2E8-C1BFD2B42AF7}.Debug|Any CPU.Build.0 = Debug|Any CPU
		{ED325B59-305F-4B66-B2E8-C1BFD2B42AF7}.Debug|Mixed Platforms.ActiveCfg = Debug|Any CPU
		{ED325B59-305F-4B66-B2E8-C1BFD2B42AF7}.Debug|Mixed Platforms.Build.0 = Debug|Any CPU
		{ED325B59-305F-4B66-B2E8-C1BFD2B42AF7}.Debug|x86.ActiveCfg = Debug|Any CPU
		{ED325B59-305F-4B66-B2E8-C1BFD2B42AF7}.Release|Any CPU.ActiveCfg = Release|Any CPU
		{ED325B59-305F-4B66-B2E8-C1BFD2B42AF7}.Release|Any CPU.Build.0 = Release|Any CPU
		{ED325B59-305F-4B66-B2E8-C1BFD2B42AF7}.Release|Mixed Platforms.ActiveCfg = Release|Any CPU
		{ED325B59-305F-4B66-B2E8-C1BFD2B42AF7}.Release|Mixed Platforms.Build.0 = Release|Any CPU
		{ED325B59-305F-4B66-B2E8-C1BFD2B42AF7}.Release|x86.ActiveCfg = Release|Any CPU
		{DE539B6B-48B4-4BE5-A7E3-8923897A6E2F}.Debug|Any CPU.ActiveCfg = Debug|Any CPU
		{DE539B6B-48B4-4BE5-A7E3-8923897A6E2F}.Debug|Any CPU.Build.0 = Debug|Any CPU
		{DE539B6B-48B4-4BE5-A7E3-8923897A6E2F}.Debug|Mixed Platforms.ActiveCfg = Debug|Any CPU
		{DE539B6B-48B4-4BE5-A7E3-8923897A6E2F}.Debug|Mixed Platforms.Build.0 = Debug|Any CPU
		{DE539B6B-48B4-4BE5-A7E3-8923897A6E2F}.Debug|x86.ActiveCfg = Debug|Any CPU
		{DE539B6B-48B4-4BE5-A7E3-8923897A6E2F}.Release|Any CPU.ActiveCfg = Release|Any CPU
		{DE539B6B-48B4-4BE5-A7E3-8923897A6E2F}.Release|Any CPU.Build.0 = Release|Any CPU
		{DE539B6B-48B4-4BE5-A7E3-8923897A6E2F}.Release|Mixed Platforms.ActiveCfg = Release|Any CPU
		{DE539B6B-48B4-4BE5-A7E3-8923897A6E2F}.Release|Mixed Platforms.Build.0 = Release|Any CPU
		{DE539B6B-48B4-4BE5-A7E3-8923897A6E2F}.Release|x86.ActiveCfg = Release|Any CPU
	EndGlobalSection
	GlobalSection(SolutionProperties) = preSolution
		HideSolutionNode = FALSE
	EndGlobalSection
EndGlobal
