
Microsoft Visual Studio Solution File, Format Version 12.00
# Visual Studio 2012
Project("{FAE04EC0-301F-11D3-BF4B-00C04F79EFBC}") = "PlusPlay", "PlusPlay\PlusPlay.csproj", "{EC8983B0-3A63-4837-8D95-911D1C0AC8A4}"
EndProject
Project("{FAE04EC0-301F-11D3-BF4B-00C04F79EFBC}") = "PlusPlayLib", "PlusPlayLib\PlusPlayLib.csproj", "{1424B38E-8BBB-4F48-BFE9-9899BA6B857E}"
EndProject
Project("{FAE04EC0-301F-11D3-BF4B-00C04F79EFBC}") = "WPlusPlay", "WPlusPlay\WPlusPlay.csproj", "{FCDE0D0E-42E8-45A3-930D-EA850A76E072}"
EndProject
Global
	GlobalSection(SolutionConfigurationPlatforms) = preSolution
		Debug|Any CPU = Debug|Any CPU
		Release|Any CPU = Release|Any CPU
	EndGlobalSection
	GlobalSection(ProjectConfigurationPlatforms) = postSolution
		{EC8983B0-3A63-4837-8D95-911D1C0AC8A4}.Debug|Any CPU.ActiveCfg = Debug|Any CPU
		{EC8983B0-3A63-4837-8D95-911D1C0AC8A4}.Debug|Any CPU.Build.0 = Debug|Any CPU
		{EC8983B0-3A63-4837-8D95-911D1C0AC8A4}.Release|Any CPU.ActiveCfg = Release|Any CPU
		{EC8983B0-3A63-4837-8D95-911D1C0AC8A4}.Release|Any CPU.Build.0 = Release|Any CPU
		{1424B38E-8BBB-4F48-BFE9-9899BA6B857E}.Debug|Any CPU.ActiveCfg = Debug|Any CPU
		{1424B38E-8BBB-4F48-BFE9-9899BA6B857E}.Debug|Any CPU.Build.0 = Debug|Any CPU
		{1424B38E-8BBB-4F48-BFE9-9899BA6B857E}.Release|Any CPU.ActiveCfg = Release|Any CPU
		{1424B38E-8BBB-4F48-BFE9-9899BA6B857E}.Release|Any CPU.Build.0 = Release|Any CPU
		{FCDE0D0E-42E8-45A3-930D-EA850A76E072}.Debug|Any CPU.ActiveCfg = Debug|Any CPU
		{FCDE0D0E-42E8-45A3-930D-EA850A76E072}.Debug|Any CPU.Build.0 = Debug|Any CPU
		{FCDE0D0E-42E8-45A3-930D-EA850A76E072}.Release|Any CPU.ActiveCfg = Release|Any CPU
		{FCDE0D0E-42E8-45A3-930D-EA850A76E072}.Release|Any CPU.Build.0 = Release|Any CPU
	EndGlobalSection
	GlobalSection(SolutionProperties) = preSolution
		HideSolutionNode = FALSE
	EndGlobalSection
EndGlobal
