
Microsoft Visual Studio Solution File, Format Version 12.00
# Visual Studio 2012
Project("{FAE04EC0-301F-11D3-BF4B-00C04F79EFBC}") = "MediaIntegrityTester", "MediaIntegrityTester\MediaIntegrityTester.csproj", "{1E53D024-96C9-4813-BAD8-24CC00E92AFA}"
EndProject
Global
	GlobalSection(SolutionConfigurationPlatforms) = preSolution
		Debug|Any CPU = Debug|Any CPU
		Release|Any CPU = Release|Any CPU
	EndGlobalSection
	GlobalSection(ProjectConfigurationPlatforms) = postSolution
		{1E53D024-96C9-4813-BAD8-24CC00E92AFA}.Debug|Any CPU.ActiveCfg = Debug|Any CPU
		{1E53D024-96C9-4813-BAD8-24CC00E92AFA}.Debug|Any CPU.Build.0 = Debug|Any CPU
		{1E53D024-96C9-4813-BAD8-24CC00E92AFA}.Release|Any CPU.ActiveCfg = Release|Any CPU
		{1E53D024-96C9-4813-BAD8-24CC00E92AFA}.Release|Any CPU.Build.0 = Release|Any CPU
	EndGlobalSection
	GlobalSection(SolutionProperties) = preSolution
		HideSolutionNode = FALSE
	EndGlobalSection
EndGlobal
